Microsoft Visual Studio Solution File, Format Version 12.00
# Visual Studio Version 16
VisualStudioVersion = 16.0.0.0
MinimumVisualStudioVersion = 16.0.0.0
Project("{9A19103F-16F7-4668-BE54-9A1E7A4F7556}") = "Facturations.Server", "Server\Facturations.Server.csproj", "{48052A16-442B-4C7D-8920-5326C7A6D703}"
EndProject
Project("{9A19103F-16F7-4668-BE54-9A1E7A4F7556}") = "Facturations.Client", "Client\Facturations.Client.csproj", "{9354641D-A9D5-49C3-83D7-3CBC8DC399F9}"
EndProject
Project("{9A19103F-16F7-4668-BE54-9A1E7A4F7556}") = "Facturations.Shared", "Shared\Facturations.Shared.csproj", "{4914A625-6471-47D9-9C1D-20F42A42C069}"
EndProject
Global
	GlobalSection(SolutionConfigurationPlatforms) = preSolution
		Debug|Any CPU = Debug|Any CPU
		Debug|x64 = Debug|x64
		Debug|x86 = Debug|x86
		Release|Any CPU = Release|Any CPU
		Release|x64 = Release|x64
		Release|x86 = Release|x86
	EndGlobalSection
	GlobalSection(ProjectConfigurationPlatforms) = postSolution
		{48052A16-442B-4C7D-8920-5326C7A6D703}.Debug|Any CPU.ActiveCfg = Debug|Any CPU
		{48052A16-442B-4C7D-8920-5326C7A6D703}.Debug|Any CPU.Build.0 = Debug|Any CPU
		{48052A16-442B-4C7D-8920-5326C7A6D703}.Debug|x64.ActiveCfg = Debug|Any CPU
		{48052A16-442B-4C7D-8920-5326C7A6D703}.Debug|x64.Build.0 = Debug|Any CPU
		{48052A16-442B-4C7D-8920-5326C7A6D703}.Debug|x86.ActiveCfg = Debug|Any CPU
		{48052A16-442B-4C7D-8920-5326C7A6D703}.Debug|x86.Build.0 = Debug|Any CPU
		{48052A16-442B-4C7D-8920-5326C7A6D703}.Release|Any CPU.ActiveCfg = Release|Any CPU
		{48052A16-442B-4C7D-8920-5326C7A6D703}.Release|Any CPU.Build.0 = Release|Any CPU
		{48052A16-442B-4C7D-8920-5326C7A6D703}.Release|x64.ActiveCfg = Release|Any CPU
		{48052A16-442B-4C7D-8920-5326C7A6D703}.Release|x64.Build.0 = Release|Any CPU
		{48052A16-442B-4C7D-8920-5326C7A6D703}.Release|x86.ActiveCfg = Release|Any CPU
		{48052A16-442B-4C7D-8920-5326C7A6D703}.Release|x86.Build.0 = Release|Any CPU
		{9354641D-A9D5-49C3-83D7-3CBC8DC399F9}.Debug|Any CPU.ActiveCfg = Debug|Any CPU
		{9354641D-A9D5-49C3-83D7-3CBC8DC399F9}.Debug|Any CPU.Build.0 = Debug|Any CPU
		{9354641D-A9D5-49C3-83D7-3CBC8DC399F9}.Debug|x64.ActiveCfg = Debug|Any CPU
		{9354641D-A9D5-49C3-83D7-3CBC8DC399F9}.Debug|x64.Build.0 = Debug|Any CPU
		{9354641D-A9D5-49C3-83D7-3CBC8DC399F9}.Debug|x86.ActiveCfg = Debug|Any CPU
		{9354641D-A9D5-49C3-83D7-3CBC8DC399F9}.Debug|x86.Build.0 = Debug|Any CPU
		{9354641D-A9D5-49C3-83D7-3CBC8DC399F9}.Release|Any CPU.ActiveCfg = Release|Any CPU
		{9354641D-A9D5-49C3-83D7-3CBC8DC399F9}.Release|Any CPU.Build.0 = Release|Any CPU
		{9354641D-A9D5-49C3-83D7-3CBC8DC399F9}.Release|x64.ActiveCfg = Release|Any CPU
		{9354641D-A9D5-49C3-83D7-3CBC8DC399F9}.Release|x64.Build.0 = Release|Any CPU
		{9354641D-A9D5-49C3-83D7-3CBC8DC399F9}.Release|x86.ActiveCfg = Release|Any CPU
		{9354641D-A9D5-49C3-83D7-3CBC8DC399F9}.Release|x86.Build.0 = Release|Any CPU
		{4914A625-6471-47D9-9C1D-20F42A42C069}.Debug|Any CPU.ActiveCfg = Debug|Any CPU
		{4914A625-6471-47D9-9C1D-20F42A42C069}.Debug|Any CPU.Build.0 = Debug|Any CPU
		{4914A625-6471-47D9-9C1D-20F42A42C069}.Debug|x64.ActiveCfg = Debug|Any CPU
		{4914A625-6471-47D9-9C1D-20F42A42C069}.Debug|x64.Build.0 = Debug|Any CPU
		{4914A625-6471-47D9-9C1D-20F42A42C069}.Debug|x86.ActiveCfg = Debug|Any CPU
		{4914A625-6471-47D9-9C1D-20F42A42C069}.Debug|x86.Build.0 = Debug|Any CPU
		{4914A625-6471-47D9-9C1D-20F42A42C069}.Release|Any CPU.ActiveCfg = Release|Any CPU
		{4914A625-6471-47D9-9C1D-20F42A42C069}.Release|Any CPU.Build.0 = Release|Any CPU
		{4914A625-6471-47D9-9C1D-20F42A42C069}.Release|x64.ActiveCfg = Release|Any CPU
		{4914A625-6471-47D9-9C1D-20F42A42C069}.Release|x64.Build.0 = Release|Any CPU
		{4914A625-6471-47D9-9C1D-20F42A42C069}.Release|x86.ActiveCfg = Release|Any CPU
		{4914A625-6471-47D9-9C1D-20F42A42C069}.Release|x86.Build.0 = Release|Any CPU
	EndGlobalSection
	GlobalSection(SolutionProperties) = preSolution
		HideSolutionNode = FALSE
	EndGlobalSection
	GlobalSection(ExtensibilityGlobals) = postSolution
		SolutionGuid = {CF03DC8B-CE4D-41DE-9770-557E069659F5}
	EndGlobalSection
EndGlobal
